
Microsoft Visual Studio Solution File, Format Version 12.00
# Visual Studio Version 17
VisualStudioVersion = 17.5.002.0
MinimumVisualStudioVersion = 10.0.40219.1
Project("{9A19103F-16F7-4668-BE54-9A1E7A4F7556}") = "Exo.WebApi", "Exo.WebApi.csproj", "{B0F42525-0BC2-49B7-86E3-FB2CF4FB2776}"
EndProject
Global
	GlobalSection(SolutionConfigurationPlatforms) = preSolution
		Debug|Any CPU = Debug|Any CPU
		Release|Any CPU = Release|Any CPU
	EndGlobalSection
	GlobalSection(ProjectConfigurationPlatforms) = postSolution
		{B0F42525-0BC2-49B7-86E3-FB2CF4FB2776}.Debug|Any CPU.ActiveCfg = Debug|Any CPU
		{B0F42525-0BC2-49B7-86E3-FB2CF4FB2776}.Debug|Any CPU.Build.0 = Debug|Any CPU
		{B0F42525-0BC2-49B7-86E3-FB2CF4FB2776}.Release|Any CPU.ActiveCfg = Release|Any CPU
		{B0F42525-0BC2-49B7-86E3-FB2CF4FB2776}.Release|Any CPU.Build.0 = Release|Any CPU
	EndGlobalSection
	GlobalSection(SolutionProperties) = preSolution
		HideSolutionNode = FALSE
	EndGlobalSection
	GlobalSection(ExtensibilityGlobals) = postSolution
		SolutionGuid = {0EA6CA3B-C28C-4C1A-8E39-5165C18FB230}
	EndGlobalSection
EndGlobal